
Microsoft Visual Studio Solution File, Format Version 12.00
# Visual Studio Version 17
VisualStudioVersion = 17.10.35027.167
MinimumVisualStudioVersion = 10.0.40219.1
Project("{9A19103F-16F7-4668-BE54-9A1E7A4F7556}") = "Parryx11", "Parryx11.csproj", "{4B27EB65-7C7D-454D-8498-0996C9BA95DF}"
EndProject
Global
	GlobalSection(SolutionConfigurationPlatforms) = preSolution
		Debug|Any CPU = Debug|Any CPU
		Release|Any CPU = Release|Any CPU
	EndGlobalSection
	GlobalSection(ProjectConfigurationPlatforms) = postSolution
		{4B27EB65-7C7D-454D-8498-0996C9BA95DF}.Debug|Any CPU.ActiveCfg = Debug|Any CPU
		{4B27EB65-7C7D-454D-8498-0996C9BA95DF}.Debug|Any CPU.Build.0 = Debug|Any CPU
		{4B27EB65-7C7D-454D-8498-0996C9BA95DF}.Release|Any CPU.ActiveCfg = Release|Any CPU
		{4B27EB65-7C7D-454D-8498-0996C9BA95DF}.Release|Any CPU.Build.0 = Release|Any CPU
	EndGlobalSection
	GlobalSection(SolutionProperties) = preSolution
		HideSolutionNode = FALSE
	EndGlobalSection
	GlobalSection(ExtensibilityGlobals) = postSolution
		SolutionGuid = {D7783832-BA32-43DB-9218-98A331581BB5}
	EndGlobalSection
EndGlobal
